{
    "name": "Online Portfolio",
    "version": "5.0.0",
    "lockfileVersion": 1,
    "requires": true,
    "dependencies": {
        "accepts": {
            "version": "1.3.5",
            "resolved": "https://registry.npmjs.org/accepts/-/accepts-1.3.5.tgz",
            "integrity": "sha1-63d99gEXI6OxTopywIBcjoZ0a9I=",
            "dev": true,
            "requires": {
                "mime-types": "~2.1.18",
                "negotiator": "0.6.1"
            }
        },
        "ansi-colors": {
            "version": "1.1.0",
            "resolved": "https://registry.npmjs.org/ansi-colors/-/ansi-colors-1.1.0.tgz",
            "integrity": "sha512-SFKX67auSNoVR38N3L+nvsPjOE0bybKTYbkf5tRvushrAPQ9V75huw0ZxBkKVeRU9kqH3d6HA4xTckbwZ4ixmA==",
            "dev": true,
            "requires": {
                "ansi-wrap": "^0.1.0"
            }
        },
        "ansi-gray": {
            "version": "0.1.1",
            "resolved": "https://registry.npmjs.org/ansi-gray/-/ansi-gray-0.1.1.tgz",
            "integrity": "sha1-KWLPVOyXksSFEKPetSRDaGHvclE=",
            "dev": true,
            "requires": {
                "ansi-wrap": "0.1.0"
            }
        },
        "ansi-wrap": {
            "version": "0.1.0",
            "resolved": "https://registry.npmjs.org/ansi-wrap/-/ansi-wrap-0.1.0.tgz",
            "integrity": "sha1-qCJQ3bABXponyoLoLqYDu/pF768=",
            "dev": true
        },
        "batch": {
            "version": "0.6.1",
            "resolved": "https://registry.npmjs.org/batch/-/batch-0.6.1.tgz",
            "integrity": "sha1-3DQxT05nkxgJP8dgJyUl+UvyXBY=",
            "dev": true
        },
        "body-parser": {
            "version": "1.14.2",
            "resolved": "https://registry.npmjs.org/body-parser/-/body-parser-1.14.2.tgz",
            "integrity": "sha1-EBXLH+LEQ4WCWVgdtTMy+NDPUPk=",
            "dev": true,
            "requires": {
                "bytes": "2.2.0",
                "content-type": "~1.0.1",
                "debug": "~2.2.0",
                "depd": "~1.1.0",
                "http-errors": "~1.3.1",
                "iconv-lite": "0.4.13",
                "on-finished": "~2.3.0",
                "qs": "5.2.0",
                "raw-body": "~2.1.5",
                "type-is": "~1.6.10"
            },
            "dependencies": {
                "debug": {
                    "version": "2.2.0",
                    "resolved": "https://registry.npmjs.org/debug/-/debug-2.2.0.tgz",
                    "integrity": "sha1-+HBX6ZWxofauaklgZkE3vFbwOdo=",
                    "dev": true,
                    "requires": {
                        "ms": "0.7.1"
                    }
                },
                "ms": {
                    "version": "0.7.1",
                    "resolved": "https://registry.npmjs.org/ms/-/ms-0.7.1.tgz",
                    "integrity": "sha1-nNE8A62/8ltl7/3nzoZO6VIBcJg=",
                    "dev": true
                },
                "qs": {
                    "version": "5.2.0",
                    "resolved": "https://registry.npmjs.org/qs/-/qs-5.2.0.tgz",
                    "integrity": "sha1-qfMRQq9GjLcrJbMBNrokVoNJFr4=",
                    "dev": true
                }
            }
        },
        "bytes": {
            "version": "2.2.0",
            "resolved": "https://registry.npmjs.org/bytes/-/bytes-2.2.0.tgz",
            "integrity": "sha1-/TVGSkA/b5EXwt42Cez/nK4ABYg=",
            "dev": true
        },
        "color-support": {
            "version": "1.1.3",
            "resolved": "https://registry.npmjs.org/color-support/-/color-support-1.1.3.tgz",
            "integrity": "sha512-qiBjkpbMLO/HL68y+lh4q0/O1MZFj2RX6X/KmMa3+gJD3z+WwI1ZzDHysvqHGS3mP6mznPckpXmw1nI9cJjyRg==",
            "dev": true
        },
        "connect": {
            "version": "3.6.6",
            "resolved": "https://registry.npmjs.org/connect/-/connect-3.6.6.tgz",
            "integrity": "sha1-Ce/2xVr3I24TcTWnJXSFi2eG9SQ=",
            "dev": true,
            "requires": {
                "debug": "2.6.9",
                "finalhandler": "1.1.0",
                "parseurl": "~1.3.2",
                "utils-merge": "1.0.1"
            }
        },
        "connect-livereload": {
            "version": "0.5.4",
            "resolved": "https://registry.npmjs.org/connect-livereload/-/connect-livereload-0.5.4.tgz",
            "integrity": "sha1-gBV9E3HJ83zBQDmrGJWXDRGdw7w=",
            "dev": true
        },
        "content-type": {
            "version": "1.0.4",
            "resolved": "https://registry.npmjs.org/content-type/-/content-type-1.0.4.tgz",
            "integrity": "sha512-hIP3EEPs8tB9AT1L+NUqtwOAps4mk2Zob89MWXMHjHWg9milF/j4osnnQLXBCBFBk/tvIG/tUc9mOUJiPBhPXA==",
            "dev": true
        },
        "debug": {
            "version": "2.6.9",
            "resolved": "https://registry.npmjs.org/debug/-/debug-2.6.9.tgz",
            "integrity": "sha512-bC7ElrdJaJnPbAP+1EotYvqZsb3ecl5wi6Bfi6BJTUcNowp6cvspg0jXznRTKDjm/E7AdgFBVeAPVMNcKGsHMA==",
            "dev": true,
            "requires": {
                "ms": "2.0.0"
            }
        },
        "depd": {
            "version": "1.1.2",
            "resolved": "https://registry.npmjs.org/depd/-/depd-1.1.2.tgz",
            "integrity": "sha1-m81S4UwJd2PnSbJ0xDRu0uVgtak=",
            "dev": true
        },
        "destroy": {
            "version": "1.0.4",
            "resolved": "https://registry.npmjs.org/destroy/-/destroy-1.0.4.tgz",
            "integrity": "sha1-l4hXRCxEdJ5CBmE+N5RiBYJqvYA=",
            "dev": true
        },
        "duplexer": {
            "version": "0.1.1",
            "resolved": "https://registry.npmjs.org/duplexer/-/duplexer-0.1.1.tgz",
            "integrity": "sha1-rOb/gIwc5mtX0ev5eXessCM0z8E=",
            "dev": true
        },
        "ee-first": {
            "version": "1.1.1",
            "resolved": "https://registry.npmjs.org/ee-first/-/ee-first-1.1.1.tgz",
            "integrity": "sha1-WQxhFWsK4vTwJVcyoViyZrxWsh0=",
            "dev": true
        },
        "encodeurl": {
            "version": "1.0.2",
            "resolved": "https://registry.npmjs.org/encodeurl/-/encodeurl-1.0.2.tgz",
            "integrity": "sha1-rT/0yG7C0CkyL1oCw6mmBslbP1k=",
            "dev": true
        },
        "escape-html": {
            "version": "1.0.3",
            "resolved": "https://registry.npmjs.org/escape-html/-/escape-html-1.0.3.tgz",
            "integrity": "sha1-Aljq5NPQwJdN4cFpGI7wBR0dGYg=",
            "dev": true
        },
        "etag": {
            "version": "1.7.0",
            "resolved": "https://registry.npmjs.org/etag/-/etag-1.7.0.tgz",
            "integrity": "sha1-A9MLX2fdbmMtKUXTDWZScxo01dg=",
            "dev": true
        },
        "event-stream": {
            "version": "3.3.4",
            "resolved": "http://registry.npmjs.org/event-stream/-/event-stream-3.3.4.tgz",
            "integrity": "sha1-SrTJoPWlTbkzi0w02Gv86PSzVXE=",
            "dev": true,
            "requires": {
                "duplexer": "~0.1.1",
                "from": "~0",
                "map-stream": "~0.1.0",
                "pause-stream": "0.0.11",
                "split": "0.3",
                "stream-combiner": "~0.0.4",
                "through": "~2.3.1"
            }
        },
        "expand-tilde": {
            "version": "2.0.2",
            "resolved": "https://registry.npmjs.org/expand-tilde/-/expand-tilde-2.0.2.tgz",
            "integrity": "sha1-l+gBqgUt8CRU3kawK/YhZCzchQI=",
            "requires": {
                "homedir-polyfill": "^1.0.1"
            }
        },
        "fancy-log": {
            "version": "1.3.2",
            "resolved": "https://registry.npmjs.org/fancy-log/-/fancy-log-1.3.2.tgz",
            "integrity": "sha1-9BEl49hPLn2JpD0G2VjI94vha+E=",
            "dev": true,
            "requires": {
                "ansi-gray": "^0.1.1",
                "color-support": "^1.1.3",
                "time-stamp": "^1.0.0"
            }
        },
        "faye-websocket": {
            "version": "0.10.0",
            "resolved": "https://registry.npmjs.org/faye-websocket/-/faye-websocket-0.10.0.tgz",
            "integrity": "sha1-TkkvjQTftviQA1B/btvy1QHnxvQ=",
            "dev": true,
            "requires": {
                "websocket-driver": ">=0.5.1"
            }
        },
        "finalhandler": {
            "version": "1.1.0",
            "resolved": "https://registry.npmjs.org/finalhandler/-/finalhandler-1.1.0.tgz",
            "integrity": "sha1-zgtoVbRYU+eRsvzGgARtiCU91/U=",
            "dev": true,
            "requires": {
                "debug": "2.6.9",
                "encodeurl": "~1.0.1",
                "escape-html": "~1.0.3",
                "on-finished": "~2.3.0",
                "parseurl": "~1.3.2",
                "statuses": "~1.3.1",
                "unpipe": "~1.0.0"
            }
        },
        "fresh": {
            "version": "0.3.0",
            "resolved": "https://registry.npmjs.org/fresh/-/fresh-0.3.0.tgz",
            "integrity": "sha1-ZR+DjiJCTnVm3hYdg1jKoZn4PU8=",
            "dev": true
        },
        "from": {
            "version": "0.1.7",
            "resolved": "https://registry.npmjs.org/from/-/from-0.1.7.tgz",
            "integrity": "sha1-g8YK/Fi5xWmXAH7Rp2izqzA6RP4=",
            "dev": true
        },
        "global-modules": {
            "version": "1.0.0",
            "resolved": "https://registry.npmjs.org/global-modules/-/global-modules-1.0.0.tgz",
            "integrity": "sha512-sKzpEkf11GpOFuw0Zzjzmt4B4UZwjOcG757PPvrfhxcLFbq0wpsgpOqxpxtxFiCG4DtG93M6XRVbF2oGdev7bg==",
            "requires": {
                "global-prefix": "^1.0.1",
                "is-windows": "^1.0.1",
                "resolve-dir": "^1.0.0"
            }
        },
        "global-prefix": {
            "version": "1.0.2",
            "resolved": "https://registry.npmjs.org/global-prefix/-/global-prefix-1.0.2.tgz",
            "integrity": "sha1-2/dDxsFJklk8ZVVoy2btMsASLr4=",
            "requires": {
                "expand-tilde": "^2.0.2",
                "homedir-polyfill": "^1.0.1",
                "ini": "^1.3.4",
                "is-windows": "^1.0.1",
                "which": "^1.2.14"
            }
        },
        "gulp-connect": {
            "version": "5.5.0",
            "resolved": "https://registry.npmjs.org/gulp-connect/-/gulp-connect-5.5.0.tgz",
            "integrity": "sha512-oRBLjw/4EVaZb8g8OcxOVdGD8ZXYrRiWKcNxlrGjxb/6Cp0GDdqw7ieX7D8xJrQS7sbXT+G94u63pMJF3MMjQA==",
            "dev": true,
            "requires": {
                "ansi-colors": "^1.0.1",
                "connect": "^3.6.5",
                "connect-livereload": "^0.5.4",
                "event-stream": "^3.3.2",
                "fancy-log": "^1.3.2",
                "send": "^0.13.2",
                "serve-index": "^1.9.1",
                "serve-static": "^1.13.1",
                "tiny-lr": "^0.2.1"
            }
        },
        "homedir-polyfill": {
            "version": "1.0.1",
            "resolved": "https://registry.npmjs.org/homedir-polyfill/-/homedir-polyfill-1.0.1.tgz",
            "integrity": "sha1-TCu8inWJmP7r9e1oWA921GdotLw=",
            "requires": {
                "parse-passwd": "^1.0.0"
            }
        },
        "http-errors": {
            "version": "1.3.1",
            "resolved": "https://registry.npmjs.org/http-errors/-/http-errors-1.3.1.tgz",
            "integrity": "sha1-GX4izevUGYWF6GlO9nhhl7ke2UI=",
            "dev": true,
            "requires": {
                "inherits": "~2.0.1",
                "statuses": "1"
            }
        },
        "http-parser-js": {
            "version": "0.4.13",
            "resolved": "https://registry.npmjs.org/http-parser-js/-/http-parser-js-0.4.13.tgz",
            "integrity": "sha1-O9bW/ebjFyyTNMOzO2wZPYD+ETc=",
            "dev": true
        },
        "iconv-lite": {
            "version": "0.4.13",
            "resolved": "https://registry.npmjs.org/iconv-lite/-/iconv-lite-0.4.13.tgz",
            "integrity": "sha1-H4irpKsLFQjoMSrMOTRfNumS4vI=",
            "dev": true
        },
        "inherits": {
            "version": "2.0.3",
            "resolved": "https://registry.npmjs.org/inherits/-/inherits-2.0.3.tgz",
            "integrity": "sha1-Yzwsg+PaQqUC9SRmAiSA9CCCYd4=",
            "dev": true
        },
        "ini": {
            "version": "1.3.5",
            "resolved": "https://registry.npmjs.org/ini/-/ini-1.3.5.tgz",
            "integrity": "sha512-RZY5huIKCMRWDUqZlEi72f/lmXKMvuszcMBduliQ3nnWbx9X/ZBQO7DijMEYS9EhHBb2qacRUMtC7svLwe0lcw=="
        },
        "is-windows": {
            "version": "1.0.2",
            "resolved": "https://registry.npmjs.org/is-windows/-/is-windows-1.0.2.tgz",
            "integrity": "sha512-eXK1UInq2bPmjyX6e3VHIzMLobc4J94i4AWn+Hpq3OU5KkrRC96OAcR3PRJ/pGu6m8TRnBHP9dkXQVsT/COVIA=="
        },
        "isexe": {
            "version": "2.0.0",
            "resolved": "https://registry.npmjs.org/isexe/-/isexe-2.0.0.tgz",
            "integrity": "sha1-6PvzdNxVb/iUehDcsFctYz8s+hA="
        },
        "livereload-js": {
            "version": "2.3.0",
            "resolved": "https://registry.npmjs.org/livereload-js/-/livereload-js-2.3.0.tgz",
            "integrity": "sha512-j1R0/FeGa64Y+NmqfZhyoVRzcFlOZ8sNlKzHjh4VvLULFACZhn68XrX5DFg2FhMvSMJmROuFxRSa560ECWKBMg==",
            "dev": true
        },
        "map-stream": {
            "version": "0.1.0",
            "resolved": "https://registry.npmjs.org/map-stream/-/map-stream-0.1.0.tgz",
            "integrity": "sha1-5WqpTEyAVaFkBKBnS3jyFffI4ZQ=",
            "dev": true
        },
        "media-typer": {
            "version": "0.3.0",
            "resolved": "https://registry.npmjs.org/media-typer/-/media-typer-0.3.0.tgz",
            "integrity": "sha1-hxDXrwqmJvj/+hzgAWhUUmMlV0g=",
            "dev": true
        },
        "mime": {
            "version": "1.3.4",
            "resolved": "https://registry.npmjs.org/mime/-/mime-1.3.4.tgz",
            "integrity": "sha1-EV+eO2s9rylZmDyzjxSaLUDrXVM=",
            "dev": true
        },
        "mime-db": {
            "version": "1.35.0",
            "resolved": "https://registry.npmjs.org/mime-db/-/mime-db-1.35.0.tgz",
            "integrity": "sha512-JWT/IcCTsB0Io3AhWUMjRqucrHSPsSf2xKLaRldJVULioggvkJvggZ3VXNNSRkCddE6D+BUI4HEIZIA2OjwIvg==",
            "dev": true
        },
        "mime-types": {
            "version": "2.1.19",
            "resolved": "https://registry.npmjs.org/mime-types/-/mime-types-2.1.19.tgz",
            "integrity": "sha512-P1tKYHVSZ6uFo26mtnve4HQFE3koh1UWVkp8YUC+ESBHe945xWSoXuHHiGarDqcEZ+whpCDnlNw5LON0kLo+sw==",
            "dev": true,
            "requires": {
                "mime-db": "~1.35.0"
            }
        },
        "ms": {
            "version": "2.0.0",
            "resolved": "https://registry.npmjs.org/ms/-/ms-2.0.0.tgz",
            "integrity": "sha1-VgiurfwAvmwpAd9fmGF4jeDVl8g=",
            "dev": true
        },
        "negotiator": {
            "version": "0.6.1",
            "resolved": "https://registry.npmjs.org/negotiator/-/negotiator-0.6.1.tgz",
            "integrity": "sha1-KzJxhOiZIQEXeyhWP7XnECrNDKk=",
            "dev": true
        },
        "on-finished": {
            "version": "2.3.0",
            "resolved": "https://registry.npmjs.org/on-finished/-/on-finished-2.3.0.tgz",
            "integrity": "sha1-IPEzZIGwg811M3mSoWlxqi2QaUc=",
            "dev": true,
            "requires": {
                "ee-first": "1.1.1"
            }
        },
        "parse-passwd": {
            "version": "1.0.0",
            "resolved": "https://registry.npmjs.org/parse-passwd/-/parse-passwd-1.0.0.tgz",
            "integrity": "sha1-bVuTSkVpk7I9N/QKOC1vFmao5cY="
        },
        "parseurl": {
            "version": "1.3.2",
            "resolved": "https://registry.npmjs.org/parseurl/-/parseurl-1.3.2.tgz",
            "integrity": "sha1-/CidTtiZMRlGDBViUyYs3I3mW/M=",
            "dev": true
        },
        "pause-stream": {
            "version": "0.0.11",
            "resolved": "https://registry.npmjs.org/pause-stream/-/pause-stream-0.0.11.tgz",
            "integrity": "sha1-/lo0sMvOErWqaitAPuLnO2AvFEU=",
            "dev": true,
            "requires": {
                "through": "~2.3"
            }
        },
        "qs": {
            "version": "5.1.0",
            "resolved": "https://registry.npmjs.org/qs/-/qs-5.1.0.tgz",
            "integrity": "sha1-TZMuXH6kEcynajEtOaYGIA/VDNk=",
            "dev": true
        },
        "range-parser": {
            "version": "1.0.3",
            "resolved": "https://registry.npmjs.org/range-parser/-/range-parser-1.0.3.tgz",
            "integrity": "sha1-aHKCNTXGkuLCoBA4Jq/YLC4P8XU=",
            "dev": true
        },
        "raw-body": {
            "version": "2.1.7",
            "resolved": "https://registry.npmjs.org/raw-body/-/raw-body-2.1.7.tgz",
            "integrity": "sha1-rf6s4uT7MJgFgBTQjActzFl1h3Q=",
            "dev": true,
            "requires": {
                "bytes": "2.4.0",
                "iconv-lite": "0.4.13",
                "unpipe": "1.0.0"
            },
            "dependencies": {
                "bytes": {
                    "version": "2.4.0",
                    "resolved": "https://registry.npmjs.org/bytes/-/bytes-2.4.0.tgz",
                    "integrity": "sha1-fZcZb51br39pNeJZhVSe3SpsIzk=",
                    "dev": true
                }
            }
        },
        "resolve-dir": {
            "version": "1.0.1",
            "resolved": "https://registry.npmjs.org/resolve-dir/-/resolve-dir-1.0.1.tgz",
            "integrity": "sha1-eaQGRMNivoLybv/nOcm7U4IEb0M=",
            "requires": {
                "expand-tilde": "^2.0.0",
                "global-modules": "^1.0.0"
            }
        },
        "send": {
            "version": "0.13.2",
            "resolved": "https://registry.npmjs.org/send/-/send-0.13.2.tgz",
            "integrity": "sha1-dl52B8gFVFK7pvCwUllTUJhgNt4=",
            "dev": true,
            "requires": {
                "debug": "~2.2.0",
                "depd": "~1.1.0",
                "destroy": "~1.0.4",
                "escape-html": "~1.0.3",
                "etag": "~1.7.0",
                "fresh": "0.3.0",
                "http-errors": "~1.3.1",
                "mime": "1.3.4",
                "ms": "0.7.1",
                "on-finished": "~2.3.0",
                "range-parser": "~1.0.3",
                "statuses": "~1.2.1"
            },
            "dependencies": {
                "debug": {
                    "version": "2.2.0",
                    "resolved": "https://registry.npmjs.org/debug/-/debug-2.2.0.tgz",
                    "integrity": "sha1-+HBX6ZWxofauaklgZkE3vFbwOdo=",
                    "dev": true,
                    "requires": {
                        "ms": "0.7.1"
                    }
                },
                "ms": {
                    "version": "0.7.1",
                    "resolved": "https://registry.npmjs.org/ms/-/ms-0.7.1.tgz",
                    "integrity": "sha1-nNE8A62/8ltl7/3nzoZO6VIBcJg=",
                    "dev": true
                },
                "statuses": {
                    "version": "1.2.1",
                    "resolved": "https://registry.npmjs.org/statuses/-/statuses-1.2.1.tgz",
                    "integrity": "sha1-3e1FzBglbVHtQK7BQkidXGECbSg=",
                    "dev": true
                }
            }
        },
        "serve-index": {
            "version": "1.9.1",
            "resolved": "https://registry.npmjs.org/serve-index/-/serve-index-1.9.1.tgz",
            "integrity": "sha1-03aNabHn2C5c4FD/9bRTvqEqkjk=",
            "dev": true,
            "requires": {
                "accepts": "~1.3.4",
                "batch": "0.6.1",
                "debug": "2.6.9",
                "escape-html": "~1.0.3",
                "http-errors": "~1.6.2",
                "mime-types": "~2.1.17",
                "parseurl": "~1.3.2"
            },
            "dependencies": {
                "http-errors": {
                    "version": "1.6.3",
                    "resolved": "https://registry.npmjs.org/http-errors/-/http-errors-1.6.3.tgz",
                    "integrity": "sha1-i1VoC7S+KDoLW/TqLjhYC+HZMg0=",
                    "dev": true,
                    "requires": {
                        "depd": "~1.1.2",
                        "inherits": "2.0.3",
                        "setprototypeof": "1.1.0",
                        "statuses": ">= 1.4.0 < 2"
                    }
                },
                "statuses": {
                    "version": "1.5.0",
                    "resolved": "https://registry.npmjs.org/statuses/-/statuses-1.5.0.tgz",
                    "integrity": "sha1-Fhx9rBd2Wf2YEfQ3cfqZOBR4Yow=",
                    "dev": true
                }
            }
        },
        "serve-static": {
            "version": "1.13.2",
            "resolved": "https://registry.npmjs.org/serve-static/-/serve-static-1.13.2.tgz",
            "integrity": "sha512-p/tdJrO4U387R9oMjb1oj7qSMaMfmOyd4j9hOFoxZe2baQszgHcSWjuya/CiT5kgZZKRudHNOA0pYXOl8rQ5nw==",
            "dev": true,
            "requires": {
                "encodeurl": "~1.0.2",
                "escape-html": "~1.0.3",
                "parseurl": "~1.3.2",
                "send": "0.16.2"
            },
            "dependencies": {
                "etag": {
                    "version": "1.8.1",
                    "resolved": "https://registry.npmjs.org/etag/-/etag-1.8.1.tgz",
                    "integrity": "sha1-Qa4u62XvpiJorr/qg6x9eSmbCIc=",
                    "dev": true
                },
                "fresh": {
                    "version": "0.5.2",
                    "resolved": "https://registry.npmjs.org/fresh/-/fresh-0.5.2.tgz",
                    "integrity": "sha1-PYyt2Q2XZWn6g1qx+OSyOhBWBac=",
                    "dev": true
                },
                "http-errors": {
                    "version": "1.6.3",
                    "resolved": "https://registry.npmjs.org/http-errors/-/http-errors-1.6.3.tgz",
                    "integrity": "sha1-i1VoC7S+KDoLW/TqLjhYC+HZMg0=",
                    "dev": true,
                    "requires": {
                        "depd": "~1.1.2",
                        "inherits": "2.0.3",
                        "setprototypeof": "1.1.0",
                        "statuses": ">= 1.4.0 < 2"
                    }
                },
                "mime": {
                    "version": "1.4.1",
                    "resolved": "https://registry.npmjs.org/mime/-/mime-1.4.1.tgz",
                    "integrity": "sha512-KI1+qOZu5DcW6wayYHSzR/tXKCDC5Om4s1z2QJjDULzLcmf3DvzS7oluY4HCTrc+9FiKmWUgeNLg7W3uIQvxtQ==",
                    "dev": true
                },
                "range-parser": {
                    "version": "1.2.0",
                    "resolved": "https://registry.npmjs.org/range-parser/-/range-parser-1.2.0.tgz",
                    "integrity": "sha1-9JvmtIeJTdxA3MlKMi9hEJLgDV4=",
                    "dev": true
                },
                "send": {
                    "version": "0.16.2",
                    "resolved": "https://registry.npmjs.org/send/-/send-0.16.2.tgz",
                    "integrity": "sha512-E64YFPUssFHEFBvpbbjr44NCLtI1AohxQ8ZSiJjQLskAdKuriYEP6VyGEsRDH8ScozGpkaX1BGvhanqCwkcEZw==",
                    "dev": true,
                    "requires": {
                        "debug": "2.6.9",
                        "depd": "~1.1.2",
                        "destroy": "~1.0.4",
                        "encodeurl": "~1.0.2",
                        "escape-html": "~1.0.3",
                        "etag": "~1.8.1",
                        "fresh": "0.5.2",
                        "http-errors": "~1.6.2",
                        "mime": "1.4.1",
                        "ms": "2.0.0",
                        "on-finished": "~2.3.0",
                        "range-parser": "~1.2.0",
                        "statuses": "~1.4.0"
                    }
                },
                "statuses": {
                    "version": "1.4.0",
                    "resolved": "https://registry.npmjs.org/statuses/-/statuses-1.4.0.tgz",
                    "integrity": "sha512-zhSCtt8v2NDrRlPQpCNtw/heZLtfUDqxBM1udqikb/Hbk52LK4nQSwr10u77iopCW5LsyHpuXS0GnEc48mLeew==",
                    "dev": true
                }
            }
        },
        "setprototypeof": {
            "version": "1.1.0",
            "resolved": "https://registry.npmjs.org/setprototypeof/-/setprototypeof-1.1.0.tgz",
            "integrity": "sha512-BvE/TwpZX4FXExxOxZyRGQQv651MSwmWKZGqvmPcRIjDqWub67kTKuIMx43cZZrS/cBBzwBcNDWoFxt2XEFIpQ==",
            "dev": true
        },
        "split": {
            "version": "0.3.3",
            "resolved": "https://registry.npmjs.org/split/-/split-0.3.3.tgz",
            "integrity": "sha1-zQ7qXmOiEd//frDwkcQTPi0N0o8=",
            "dev": true,
            "requires": {
                "through": "2"
            }
        },
        "statuses": {
            "version": "1.3.1",
            "resolved": "https://registry.npmjs.org/statuses/-/statuses-1.3.1.tgz",
            "integrity": "sha1-+vUbnrdKrvOzrPStX2Gr8ky3uT4=",
            "dev": true
        },
        "stream-combiner": {
            "version": "0.0.4",
            "resolved": "https://registry.npmjs.org/stream-combiner/-/stream-combiner-0.0.4.tgz",
            "integrity": "sha1-TV5DPBhSYd3mI8o/RMWGvPXErRQ=",
            "dev": true,
            "requires": {
                "duplexer": "~0.1.1"
            }
        },
        "through": {
            "version": "2.3.8",
            "resolved": "https://registry.npmjs.org/through/-/through-2.3.8.tgz",
            "integrity": "sha1-DdTJ/6q8NXlgsbckEV1+Doai4fU=",
            "dev": true
        },
        "time-stamp": {
            "version": "1.1.0",
            "resolved": "https://registry.npmjs.org/time-stamp/-/time-stamp-1.1.0.tgz",
            "integrity": "sha1-dkpaEa9QVhkhsTPztE5hhofg9cM=",
            "dev": true
        },
        "tiny-lr": {
            "version": "0.2.1",
            "resolved": "https://registry.npmjs.org/tiny-lr/-/tiny-lr-0.2.1.tgz",
            "integrity": "sha1-s/26gC5dVqM8L28QeUsy5Hescp0=",
            "dev": true,
            "requires": {
                "body-parser": "~1.14.0",
                "debug": "~2.2.0",
                "faye-websocket": "~0.10.0",
                "livereload-js": "^2.2.0",
                "parseurl": "~1.3.0",
                "qs": "~5.1.0"
            },
            "dependencies": {
                "debug": {
                    "version": "2.2.0",
                    "resolved": "https://registry.npmjs.org/debug/-/debug-2.2.0.tgz",
                    "integrity": "sha1-+HBX6ZWxofauaklgZkE3vFbwOdo=",
                    "dev": true,
                    "requires": {
                        "ms": "0.7.1"
                    }
                },
                "ms": {
                    "version": "0.7.1",
                    "resolved": "https://registry.npmjs.org/ms/-/ms-0.7.1.tgz",
                    "integrity": "sha1-nNE8A62/8ltl7/3nzoZO6VIBcJg=",
                    "dev": true
                }
            }
        },
        "type-is": {
            "version": "1.6.16",
            "resolved": "https://registry.npmjs.org/type-is/-/type-is-1.6.16.tgz",
            "integrity": "sha512-HRkVv/5qY2G6I8iab9cI7v1bOIdhm94dVjQCPFElW9W+3GeDOSHmy2EBYe4VTApuzolPcmgFTN3ftVJRKR2J9Q==",
            "dev": true,
            "requires": {
                "media-typer": "0.3.0",
                "mime-types": "~2.1.18"
            }
        },
        "unpipe": {
            "version": "1.0.0",
            "resolved": "https://registry.npmjs.org/unpipe/-/unpipe-1.0.0.tgz",
            "integrity": "sha1-sr9O6FFKrmFltIF4KdIbLvSZBOw=",
            "dev": true
        },
        "utils-merge": {
            "version": "1.0.1",
            "resolved": "https://registry.npmjs.org/utils-merge/-/utils-merge-1.0.1.tgz",
            "integrity": "sha1-n5VxD1CiZ5R7LMwSR0HBAoQn5xM=",
            "dev": true
        },
        "websocket-driver": {
            "version": "0.7.0",
            "resolved": "https://registry.npmjs.org/websocket-driver/-/websocket-driver-0.7.0.tgz",
            "integrity": "sha1-DK+dLXVdk67gSdS90NP+LMoqJOs=",
            "dev": true,
            "requires": {
                "http-parser-js": ">=0.4.0",
                "websocket-extensions": ">=0.1.1"
            }
        },
        "websocket-extensions": {
            "version": "0.1.3",
            "resolved": "https://registry.npmjs.org/websocket-extensions/-/websocket-extensions-0.1.3.tgz",
            "integrity": "sha512-nqHUnMXmBzT0w570r2JpJxfiSD1IzoI+HGVdd3aZ0yNi3ngvQ4jv1dtHt5VGxfI2yj5yqImPhOK4vmIh2xMbGg==",
            "dev": true
        },
        "which": {
            "version": "1.3.0",
            "resolved": "https://registry.npmjs.org/which/-/which-1.3.0.tgz",
            "integrity": "sha512-xcJpopdamTuY5duC/KnTTNBraPK54YwpenP4lzxU8H91GudWpFv38u0CKjclE1Wi2EH2EDz5LRcHcKbCIzqGyg==",
            "requires": {
                "isexe": "^2.0.0"
            }
        }
    }
}
